<?xml version="1.0" encoding="UTF-8" standalone="yes" ?>
<CodeBlocks_project_file>
	<FileVersion major="1" minor="6" />
	<Project>
		<Option title="Pilhas" />
		<Option pch_mode="2" />
		<Option compiler="ow" />
		<Build>
			<Target title="Debug">
				<Option output="bin/Debug/Pilhas" prefix_auto="1" extension_auto="1" />
				<Option object_output="obj/Debug/" />
				<Option type="1" />
				<Option compiler="gcc" />
				<Compiler>
					<Add option="-d2" />
				</Compiler>
			</Target>
			<Target title="Release">
				<Option output="bin/Release/Pilhas" prefix_auto="1" extension_auto="1" />
				<Option object_output="obj/Release/" />
				<Option type="1" />
				<Option compiler="gcc" />
				<Compiler>
					<Add option="-ot" />
					<Add option="-ox" />
				</Compiler>
			</Target>
			<Target title="teste">
				<Option output="bin/teste/Pilhas" prefix_auto="1" extension_auto="1" />
				<Option working_dir="bin/teste/" />
				<Option object_output="obj/teste/" />
				<Option type="1" />
				<Option compiler="gcc" />
				<Compiler>
					<Add option="-O2" />
				</Compiler>
				<Linker>
					<Add option="-s" />
				</Linker>
			</Target>
		</Build>
		<Compiler>
			<Add option="-wx" />
			<Add option="-xs" />
		</Compiler>
		<Unit filename="main.cpp" />
		<Extensions>
			<code_completion />
			<envvars />
			<debugger />
			<lib_finder disable_auto="1" />
		</Extensions>
	</Project>
</CodeBlocks_project_file>
